
Microsoft Visual Studio Solution File, Format Version 12.00
# Visual Studio Version 17
VisualStudioVersion = 17.13.35818.85
MinimumVisualStudioVersion = 10.0.40219.1
Project("{FAE04EC0-301F-11D3-BF4B-00C04F79EFBC}") = "DatingWebsite", "DatingWebsite\DatingWebsite.csproj", "{4DC448A7-0BFF-42F7-BC79-892864C8D0BE}"
EndProject
Global
	GlobalSection(SolutionConfigurationPlatforms) = preSolution
		Debug|Any CPU = Debug|Any CPU
		Release|Any CPU = Release|Any CPU
	EndGlobalSection
	GlobalSection(ProjectConfigurationPlatforms) = postSolution
		{4DC448A7-0BFF-42F7-BC79-892864C8D0BE}.Debug|Any CPU.ActiveCfg = Debug|Any CPU
		{4DC448A7-0BFF-42F7-BC79-892864C8D0BE}.Debug|Any CPU.Build.0 = Debug|Any CPU
		{4DC448A7-0BFF-42F7-BC79-892864C8D0BE}.Release|Any CPU.ActiveCfg = Release|Any CPU
		{4DC448A7-0BFF-42F7-BC79-892864C8D0BE}.Release|Any CPU.Build.0 = Release|Any CPU
	EndGlobalSection
	GlobalSection(SolutionProperties) = preSolution
		HideSolutionNode = FALSE
	EndGlobalSection
	GlobalSection(ExtensibilityGlobals) = postSolution
		SolutionGuid = {C156C791-029B-47AF-A746-7947CDA76FB0}
	EndGlobalSection
EndGlobal
